
Microsoft Visual Studio Solution File, Format Version 12.00
# Visual Studio 15
VisualStudioVersion = 15.0.26124.0
MinimumVisualStudioVersion = 15.0.26124.0
Project("{2150E333-8FDC-42A3-9474-1A3956D46DE8}") = "src", "src", "{E9D351BA-E6C5-454F-95D5-EC15E41CFA2D}"
EndProject
Project("{FAE04EC0-301F-11D3-BF4B-00C04F79EFBC}") = "Conduit.Core", "src\Conduit.Core\Conduit.Core.csproj", "{CEDCF23A-42C8-41CF-B20A-C0F8644D2534}"
EndProject
Project("{FAE04EC0-301F-11D3-BF4B-00C04F79EFBC}") = "Conduit.Domain", "src\Conduit.Domain\Conduit.Domain.csproj", "{8F1EED93-3A90-451A-B608-DA70CC2CEF1A}"
EndProject
Project("{FAE04EC0-301F-11D3-BF4B-00C04F79EFBC}") = "Conduit.Infrastructure", "src\Conduit.Infrastructure\Conduit.Infrastructure.csproj", "{49E2FD5B-670C-47C7-B2AE-5B976C2526F4}"
EndProject
Project("{FAE04EC0-301F-11D3-BF4B-00C04F79EFBC}") = "Conduit.Persistence", "src\Conduit.Persistence\Conduit.Persistence.csproj", "{1A17E2CE-0AC6-4C4C-BF63-E846C40029A9}"
EndProject
Project("{FAE04EC0-301F-11D3-BF4B-00C04F79EFBC}") = "Conduit.Api", "src\Conduit.Api\Conduit.Api.csproj", "{C1DCA165-8737-4679-A8D7-397B2CBDD06B}"
EndProject
Project("{FAE04EC0-301F-11D3-BF4B-00C04F79EFBC}") = "Conduit.Shared", "src\Conduit.Shared\Conduit.Shared.csproj", "{D988C534-9AB0-4DB5-9E5A-F7512FD005CD}"
EndProject
Project("{2150E333-8FDC-42A3-9474-1A3956D46DE8}") = "tests", "tests", "{CABC7929-57BE-4C30-997A-D3B123BD4114}"
EndProject
Project("{FAE04EC0-301F-11D3-BF4B-00C04F79EFBC}") = "Conduit.Persistence.Tests", "tests\Conduit.Persistence.Tests\Conduit.Persistence.Tests.csproj", "{F13C060E-6887-49FB-9C21-4BDE0A22F227}"
EndProject
Global
	GlobalSection(SolutionConfigurationPlatforms) = preSolution
		Debug|Any CPU = Debug|Any CPU
		Debug|x64 = Debug|x64
		Debug|x86 = Debug|x86
		Release|Any CPU = Release|Any CPU
		Release|x64 = Release|x64
		Release|x86 = Release|x86
	EndGlobalSection
	GlobalSection(SolutionProperties) = preSolution
		HideSolutionNode = FALSE
	EndGlobalSection
	GlobalSection(ProjectConfigurationPlatforms) = postSolution
		{CEDCF23A-42C8-41CF-B20A-C0F8644D2534}.Debug|Any CPU.ActiveCfg = Debug|Any CPU
		{CEDCF23A-42C8-41CF-B20A-C0F8644D2534}.Debug|Any CPU.Build.0 = Debug|Any CPU
		{CEDCF23A-42C8-41CF-B20A-C0F8644D2534}.Debug|x64.ActiveCfg = Debug|Any CPU
		{CEDCF23A-42C8-41CF-B20A-C0F8644D2534}.Debug|x64.Build.0 = Debug|Any CPU
		{CEDCF23A-42C8-41CF-B20A-C0F8644D2534}.Debug|x86.ActiveCfg = Debug|Any CPU
		{CEDCF23A-42C8-41CF-B20A-C0F8644D2534}.Debug|x86.Build.0 = Debug|Any CPU
		{CEDCF23A-42C8-41CF-B20A-C0F8644D2534}.Release|Any CPU.ActiveCfg = Release|Any CPU
		{CEDCF23A-42C8-41CF-B20A-C0F8644D2534}.Release|Any CPU.Build.0 = Release|Any CPU
		{CEDCF23A-42C8-41CF-B20A-C0F8644D2534}.Release|x64.ActiveCfg = Release|Any CPU
		{CEDCF23A-42C8-41CF-B20A-C0F8644D2534}.Release|x64.Build.0 = Release|Any CPU
		{CEDCF23A-42C8-41CF-B20A-C0F8644D2534}.Release|x86.ActiveCfg = Release|Any CPU
		{CEDCF23A-42C8-41CF-B20A-C0F8644D2534}.Release|x86.Build.0 = Release|Any CPU
		{8F1EED93-3A90-451A-B608-DA70CC2CEF1A}.Debug|Any CPU.ActiveCfg = Debug|Any CPU
		{8F1EED93-3A90-451A-B608-DA70CC2CEF1A}.Debug|Any CPU.Build.0 = Debug|Any CPU
		{8F1EED93-3A90-451A-B608-DA70CC2CEF1A}.Debug|x64.ActiveCfg = Debug|Any CPU
		{8F1EED93-3A90-451A-B608-DA70CC2CEF1A}.Debug|x64.Build.0 = Debug|Any CPU
		{8F1EED93-3A90-451A-B608-DA70CC2CEF1A}.Debug|x86.ActiveCfg = Debug|Any CPU
		{8F1EED93-3A90-451A-B608-DA70CC2CEF1A}.Debug|x86.Build.0 = Debug|Any CPU
		{8F1EED93-3A90-451A-B608-DA70CC2CEF1A}.Release|Any CPU.ActiveCfg = Release|Any CPU
		{8F1EED93-3A90-451A-B608-DA70CC2CEF1A}.Release|Any CPU.Build.0 = Release|Any CPU
		{8F1EED93-3A90-451A-B608-DA70CC2CEF1A}.Release|x64.ActiveCfg = Release|Any CPU
		{8F1EED93-3A90-451A-B608-DA70CC2CEF1A}.Release|x64.Build.0 = Release|Any CPU
		{8F1EED93-3A90-451A-B608-DA70CC2CEF1A}.Release|x86.ActiveCfg = Release|Any CPU
		{8F1EED93-3A90-451A-B608-DA70CC2CEF1A}.Release|x86.Build.0 = Release|Any CPU
		{49E2FD5B-670C-47C7-B2AE-5B976C2526F4}.Debug|Any CPU.ActiveCfg = Debug|Any CPU
		{49E2FD5B-670C-47C7-B2AE-5B976C2526F4}.Debug|Any CPU.Build.0 = Debug|Any CPU
		{49E2FD5B-670C-47C7-B2AE-5B976C2526F4}.Debug|x64.ActiveCfg = Debug|Any CPU
		{49E2FD5B-670C-47C7-B2AE-5B976C2526F4}.Debug|x64.Build.0 = Debug|Any CPU
		{49E2FD5B-670C-47C7-B2AE-5B976C2526F4}.Debug|x86.ActiveCfg = Debug|Any CPU
		{49E2FD5B-670C-47C7-B2AE-5B976C2526F4}.Debug|x86.Build.0 = Debug|Any CPU
		{49E2FD5B-670C-47C7-B2AE-5B976C2526F4}.Release|Any CPU.ActiveCfg = Release|Any CPU
		{49E2FD5B-670C-47C7-B2AE-5B976C2526F4}.Release|Any CPU.Build.0 = Release|Any CPU
		{49E2FD5B-670C-47C7-B2AE-5B976C2526F4}.Release|x64.ActiveCfg = Release|Any CPU
		{49E2FD5B-670C-47C7-B2AE-5B976C2526F4}.Release|x64.Build.0 = Release|Any CPU
		{49E2FD5B-670C-47C7-B2AE-5B976C2526F4}.Release|x86.ActiveCfg = Release|Any CPU
		{49E2FD5B-670C-47C7-B2AE-5B976C2526F4}.Release|x86.Build.0 = Release|Any CPU
		{1A17E2CE-0AC6-4C4C-BF63-E846C40029A9}.Debug|Any CPU.ActiveCfg = Debug|Any CPU
		{1A17E2CE-0AC6-4C4C-BF63-E846C40029A9}.Debug|Any CPU.Build.0 = Debug|Any CPU
		{1A17E2CE-0AC6-4C4C-BF63-E846C40029A9}.Debug|x64.ActiveCfg = Debug|Any CPU
		{1A17E2CE-0AC6-4C4C-BF63-E846C40029A9}.Debug|x64.Build.0 = Debug|Any CPU
		{1A17E2CE-0AC6-4C4C-BF63-E846C40029A9}.Debug|x86.ActiveCfg = Debug|Any CPU
		{1A17E2CE-0AC6-4C4C-BF63-E846C40029A9}.Debug|x86.Build.0 = Debug|Any CPU
		{1A17E2CE-0AC6-4C4C-BF63-E846C40029A9}.Release|Any CPU.ActiveCfg = Release|Any CPU
		{1A17E2CE-0AC6-4C4C-BF63-E846C40029A9}.Release|Any CPU.Build.0 = Release|Any CPU
		{1A17E2CE-0AC6-4C4C-BF63-E846C40029A9}.Release|x64.ActiveCfg = Release|Any CPU
		{1A17E2CE-0AC6-4C4C-BF63-E846C40029A9}.Release|x64.Build.0 = Release|Any CPU
		{1A17E2CE-0AC6-4C4C-BF63-E846C40029A9}.Release|x86.ActiveCfg = Release|Any CPU
		{1A17E2CE-0AC6-4C4C-BF63-E846C40029A9}.Release|x86.Build.0 = Release|Any CPU
		{C1DCA165-8737-4679-A8D7-397B2CBDD06B}.Debug|Any CPU.ActiveCfg = Debug|Any CPU
		{C1DCA165-8737-4679-A8D7-397B2CBDD06B}.Debug|Any CPU.Build.0 = Debug|Any CPU
		{C1DCA165-8737-4679-A8D7-397B2CBDD06B}.Debug|x64.ActiveCfg = Debug|Any CPU
		{C1DCA165-8737-4679-A8D7-397B2CBDD06B}.Debug|x64.Build.0 = Debug|Any CPU
		{C1DCA165-8737-4679-A8D7-397B2CBDD06B}.Debug|x86.ActiveCfg = Debug|Any CPU
		{C1DCA165-8737-4679-A8D7-397B2CBDD06B}.Debug|x86.Build.0 = Debug|Any CPU
		{C1DCA165-8737-4679-A8D7-397B2CBDD06B}.Release|Any CPU.ActiveCfg = Release|Any CPU
		{C1DCA165-8737-4679-A8D7-397B2CBDD06B}.Release|Any CPU.Build.0 = Release|Any CPU
		{C1DCA165-8737-4679-A8D7-397B2CBDD06B}.Release|x64.ActiveCfg = Release|Any CPU
		{C1DCA165-8737-4679-A8D7-397B2CBDD06B}.Release|x64.Build.0 = Release|Any CPU
		{C1DCA165-8737-4679-A8D7-397B2CBDD06B}.Release|x86.ActiveCfg = Release|Any CPU
		{C1DCA165-8737-4679-A8D7-397B2CBDD06B}.Release|x86.Build.0 = Release|Any CPU
		{D988C534-9AB0-4DB5-9E5A-F7512FD005CD}.Debug|Any CPU.ActiveCfg = Debug|Any CPU
		{D988C534-9AB0-4DB5-9E5A-F7512FD005CD}.Debug|Any CPU.Build.0 = Debug|Any CPU
		{D988C534-9AB0-4DB5-9E5A-F7512FD005CD}.Debug|x64.ActiveCfg = Debug|Any CPU
		{D988C534-9AB0-4DB5-9E5A-F7512FD005CD}.Debug|x64.Build.0 = Debug|Any CPU
		{D988C534-9AB0-4DB5-9E5A-F7512FD005CD}.Debug|x86.ActiveCfg = Debug|Any CPU
		{D988C534-9AB0-4DB5-9E5A-F7512FD005CD}.Debug|x86.Build.0 = Debug|Any CPU
		{D988C534-9AB0-4DB5-9E5A-F7512FD005CD}.Release|Any CPU.ActiveCfg = Release|Any CPU
		{D988C534-9AB0-4DB5-9E5A-F7512FD005CD}.Release|Any CPU.Build.0 = Release|Any CPU
		{D988C534-9AB0-4DB5-9E5A-F7512FD005CD}.Release|x64.ActiveCfg = Release|Any CPU
		{D988C534-9AB0-4DB5-9E5A-F7512FD005CD}.Release|x64.Build.0 = Release|Any CPU
		{D988C534-9AB0-4DB5-9E5A-F7512FD005CD}.Release|x86.ActiveCfg = Release|Any CPU
		{D988C534-9AB0-4DB5-9E5A-F7512FD005CD}.Release|x86.Build.0 = Release|Any CPU
		{F13C060E-6887-49FB-9C21-4BDE0A22F227}.Debug|Any CPU.ActiveCfg = Debug|Any CPU
		{F13C060E-6887-49FB-9C21-4BDE0A22F227}.Debug|Any CPU.Build.0 = Debug|Any CPU
		{F13C060E-6887-49FB-9C21-4BDE0A22F227}.Debug|x64.ActiveCfg = Debug|Any CPU
		{F13C060E-6887-49FB-9C21-4BDE0A22F227}.Debug|x64.Build.0 = Debug|Any CPU
		{F13C060E-6887-49FB-9C21-4BDE0A22F227}.Debug|x86.ActiveCfg = Debug|Any CPU
		{F13C060E-6887-49FB-9C21-4BDE0A22F227}.Debug|x86.Build.0 = Debug|Any CPU
		{F13C060E-6887-49FB-9C21-4BDE0A22F227}.Release|Any CPU.ActiveCfg = Release|Any CPU
		{F13C060E-6887-49FB-9C21-4BDE0A22F227}.Release|Any CPU.Build.0 = Release|Any CPU
		{F13C060E-6887-49FB-9C21-4BDE0A22F227}.Release|x64.ActiveCfg = Release|Any CPU
		{F13C060E-6887-49FB-9C21-4BDE0A22F227}.Release|x64.Build.0 = Release|Any CPU
		{F13C060E-6887-49FB-9C21-4BDE0A22F227}.Release|x86.ActiveCfg = Release|Any CPU
		{F13C060E-6887-49FB-9C21-4BDE0A22F227}.Release|x86.Build.0 = Release|Any CPU
	EndGlobalSection
	GlobalSection(NestedProjects) = preSolution
		{CEDCF23A-42C8-41CF-B20A-C0F8644D2534} = {E9D351BA-E6C5-454F-95D5-EC15E41CFA2D}
		{8F1EED93-3A90-451A-B608-DA70CC2CEF1A} = {E9D351BA-E6C5-454F-95D5-EC15E41CFA2D}
		{49E2FD5B-670C-47C7-B2AE-5B976C2526F4} = {E9D351BA-E6C5-454F-95D5-EC15E41CFA2D}
		{1A17E2CE-0AC6-4C4C-BF63-E846C40029A9} = {E9D351BA-E6C5-454F-95D5-EC15E41CFA2D}
		{C1DCA165-8737-4679-A8D7-397B2CBDD06B} = {E9D351BA-E6C5-454F-95D5-EC15E41CFA2D}
		{D988C534-9AB0-4DB5-9E5A-F7512FD005CD} = {E9D351BA-E6C5-454F-95D5-EC15E41CFA2D}
		{F13C060E-6887-49FB-9C21-4BDE0A22F227} = {CABC7929-57BE-4C30-997A-D3B123BD4114}
	EndGlobalSection
EndGlobal
